
Microsoft Visual Studio Solution File, Format Version 12.00
# Visual Studio 2013
VisualStudioVersion = 12.0.40629.0
MinimumVisualStudioVersion = 10.0.40219.1
Project("{FAE04EC0-301F-11D3-BF4B-00C04F79EFBC}") = "GUI", "GUI\GUI.csproj", "{76A2E66D-DAC1-40F5-8575-1351BD4F5BF0}"
EndProject
Project("{FAE04EC0-301F-11D3-BF4B-00C04F79EFBC}") = "Repository", "Repository\Repository.csproj", "{9A8149D0-1DF1-4ABC-AC4B-E8BFE7E774C2}"
EndProject
Project("{FAE04EC0-301F-11D3-BF4B-00C04F79EFBC}") = "Main", "Main\Main.csproj", "{4E3C252F-6525-4E8D-A356-79E82C5D45B8}"
EndProject
Project("{2150E333-8FDC-42A3-9474-1A3956D46DE8}") = "RepositoryImplementation", "RepositoryImplementation", "{0ABC4E6E-FC82-4BFF-A06E-DBF752341206}"
EndProject
Project("{FAE04EC0-301F-11D3-BF4B-00C04F79EFBC}") = "GeneralSqlRepository", "RepositoryImplementation\GeneralSqlRepository\GeneralSqlRepository.csproj", "{2299C2A4-3068-4D10-A13E-815AF6E1932D}"
EndProject
Global
	GlobalSection(SolutionConfigurationPlatforms) = preSolution
		Debug|Any CPU = Debug|Any CPU
		Release|Any CPU = Release|Any CPU
	EndGlobalSection
	GlobalSection(ProjectConfigurationPlatforms) = postSolution
		{76A2E66D-DAC1-40F5-8575-1351BD4F5BF0}.Debug|Any CPU.ActiveCfg = Debug|Any CPU
		{76A2E66D-DAC1-40F5-8575-1351BD4F5BF0}.Debug|Any CPU.Build.0 = Debug|Any CPU
		{76A2E66D-DAC1-40F5-8575-1351BD4F5BF0}.Release|Any CPU.ActiveCfg = Release|Any CPU
		{76A2E66D-DAC1-40F5-8575-1351BD4F5BF0}.Release|Any CPU.Build.0 = Release|Any CPU
		{9A8149D0-1DF1-4ABC-AC4B-E8BFE7E774C2}.Debug|Any CPU.ActiveCfg = Debug|Any CPU
		{9A8149D0-1DF1-4ABC-AC4B-E8BFE7E774C2}.Debug|Any CPU.Build.0 = Debug|Any CPU
		{9A8149D0-1DF1-4ABC-AC4B-E8BFE7E774C2}.Release|Any CPU.ActiveCfg = Release|Any CPU
		{9A8149D0-1DF1-4ABC-AC4B-E8BFE7E774C2}.Release|Any CPU.Build.0 = Release|Any CPU
		{4E3C252F-6525-4E8D-A356-79E82C5D45B8}.Debug|Any CPU.ActiveCfg = Debug|Any CPU
		{4E3C252F-6525-4E8D-A356-79E82C5D45B8}.Debug|Any CPU.Build.0 = Debug|Any CPU
		{4E3C252F-6525-4E8D-A356-79E82C5D45B8}.Release|Any CPU.ActiveCfg = Release|Any CPU
		{4E3C252F-6525-4E8D-A356-79E82C5D45B8}.Release|Any CPU.Build.0 = Release|Any CPU
		{2299C2A4-3068-4D10-A13E-815AF6E1932D}.Debug|Any CPU.ActiveCfg = Debug|Any CPU
		{2299C2A4-3068-4D10-A13E-815AF6E1932D}.Debug|Any CPU.Build.0 = Debug|Any CPU
		{2299C2A4-3068-4D10-A13E-815AF6E1932D}.Release|Any CPU.ActiveCfg = Release|Any CPU
		{2299C2A4-3068-4D10-A13E-815AF6E1932D}.Release|Any CPU.Build.0 = Release|Any CPU
	EndGlobalSection
	GlobalSection(SolutionProperties) = preSolution
		HideSolutionNode = FALSE
	EndGlobalSection
	GlobalSection(NestedProjects) = preSolution
		{2299C2A4-3068-4D10-A13E-815AF6E1932D} = {0ABC4E6E-FC82-4BFF-A06E-DBF752341206}

	GlobalSection(SubversionScc) = preSolution
		Svn-Managed = True
		Manager = AnkhSVN - Subversion Support for Visual Studio
	EndGlobalSection
EndGlobal
